
Microsoft Visual Studio Solution File, Format Version 12.00
# Visual Studio 2012
Project("{FAE04EC0-301F-11D3-BF4B-00C04F79EFBC}") = "MvcEnumFlags", "MvcEnumFlags\MvcEnumFlags.csproj", "{1A11F211-62AB-4B59-B1D4-18923BF2EF69}"
EndProject
Global
	GlobalSection(TeamFoundationVersionControl) = preSolution
		SccEnterpriseProvider = {4CA58AB2-18FA-4F8D-95D4-32DDF27D184C}
		SccLocalPath0 = .
		SccLocalPath1 = MvcEnumFlags
		SccNumberOfProjects = 2
		SccProjectName1 = MvcEnumFlags
		SccProjectUniqueName1 = MvcEnumFlags\\MvcEnumFlags.csproj
		SccTeamFoundationServer = https://tfs.codeplex.com/tfs/tfs22
	EndGlobalSection
	GlobalSection(SolutionConfigurationPlatforms) = preSolution
		Debug|Any CPU = Debug|Any CPU
		Release|Any CPU = Release|Any CPU
	EndGlobalSection
	GlobalSection(ProjectConfigurationPlatforms) = postSolution
		{1A11F211-62AB-4B59-B1D4-18923BF2EF69}.Debug|Any CPU.ActiveCfg = Debug|Any CPU
		{1A11F211-62AB-4B59-B1D4-18923BF2EF69}.Debug|Any CPU.Build.0 = Debug|Any CPU
		{1A11F211-62AB-4B59-B1D4-18923BF2EF69}.Release|Any CPU.ActiveCfg = Release|Any CPU
		{1A11F211-62AB-4B59-B1D4-18923BF2EF69}.Release|Any CPU.Build.0 = Release|Any CPU
	EndGlobalSection
	GlobalSection(SolutionProperties) = preSolution
		HideSolutionNode = FALSE
	EndGlobalSection
EndGlobal
